
Microsoft Visual Studio Solution File, Format Version 12.00
# Visual Studio Version 17
VisualStudioVersion = 17.0.31903.59
MinimumVisualStudioVersion = 10.0.40219.1
Project("{2150E333-8FDC-42A3-9474-1A3956D46DE8}") = "src", "src", "{63DC0D25-B784-401E-ADFF-08ADA1AB0A6E}"
EndProject
Project("{9A19103F-16F7-4668-BE54-9A1E7A4F7556}") = "PodNet.Compat", "src\PodNet.Compat\PodNet.Compat.csproj", "{1134047C-EE30-49D9-A2EF-A17B93F32459}"
EndProject
Project("{2150E333-8FDC-42A3-9474-1A3956D46DE8}") = ".root", ".root", "{248C1A29-6395-4F0F-811B-02A8C24B8DB8}"
	ProjectSection(SolutionItems) = preProject
		.gitignore = .gitignore
		.github\workflows\cd-nuget.yml = .github\workflows\cd-nuget.yml
		Directory.Build.props = Directory.Build.props
		LICENSE = LICENSE
		README.md = README.md
	EndProjectSection
EndProject
Global
	GlobalSection(SolutionConfigurationPlatforms) = preSolution
		Debug|Any CPU = Debug|Any CPU
		Release|Any CPU = Release|Any CPU
	EndGlobalSection
	GlobalSection(ProjectConfigurationPlatforms) = postSolution
		{1134047C-EE30-49D9-A2EF-A17B93F32459}.Debug|Any CPU.ActiveCfg = Debug|Any CPU
		{1134047C-EE30-49D9-A2EF-A17B93F32459}.Debug|Any CPU.Build.0 = Debug|Any CPU
		{1134047C-EE30-49D9-A2EF-A17B93F32459}.Release|Any CPU.ActiveCfg = Release|Any CPU
		{1134047C-EE30-49D9-A2EF-A17B93F32459}.Release|Any CPU.Build.0 = Release|Any CPU
	EndGlobalSection
	GlobalSection(SolutionProperties) = preSolution
		HideSolutionNode = FALSE
	EndGlobalSection
	GlobalSection(NestedProjects) = preSolution
		{1134047C-EE30-49D9-A2EF-A17B93F32459} = {63DC0D25-B784-401E-ADFF-08ADA1AB0A6E}
	EndGlobalSection
	GlobalSection(ExtensibilityGlobals) = postSolution
		SolutionGuid = {B0657605-6A38-4387-89FA-946768D63A8D}
	EndGlobalSection
EndGlobal
